# This file is generated by running "yarn install" inside your project.
# Manual changes might be lost - proceed with caution!

__metadata:
  version: 8
  cacheKey: 10c0

"@chevrotain/cst-dts-gen@npm:11.0.3":
  version: 11.0.3
  resolution: "@chevrotain/cst-dts-gen@npm:11.0.3"
  dependencies:
    "@chevrotain/gast": "npm:11.0.3"
    "@chevrotain/types": "npm:11.0.3"
    lodash-es: "npm:4.17.21"
  checksum: 10c0/9e945a0611386e4e08af34c2d0b3af36c1af08f726b58145f11310f2aeafcb2d65264c06ec65a32df6b6a65771e6a55be70580c853afe3ceb51487e506967104
  languageName: node
  linkType: hard

"@chevrotain/gast@npm:11.0.3":
  version: 11.0.3
  resolution: "@chevrotain/gast@npm:11.0.3"
  dependencies:
    "@chevrotain/types": "npm:11.0.3"
    lodash-es: "npm:4.17.21"
  checksum: 10c0/54fc44d7b4a7b0323f49d957dd88ad44504922d30cb226d93b430b0e09925efe44e0726068581d777f423fabfb878a2238ed2c87b690c0c0014ebd12b6968354
  languageName: node
  linkType: hard

"@chevrotain/regexp-to-ast@npm:11.0.3":
  version: 11.0.3
  resolution: "@chevrotain/regexp-to-ast@npm:11.0.3"
  checksum: 10c0/6939c5c94fbfb8c559a4a37a283af5ded8e6147b184a7d7bcf5ad1404d9d663c78d81602bd8ea8458ec497358a9e1671541099c511835d0be2cad46f00c62b3f
  languageName: node
  linkType: hard

"@chevrotain/types@npm:11.0.3":
  version: 11.0.3
  resolution: "@chevrotain/types@npm:11.0.3"
  checksum: 10c0/72fe8f0010ebef848e47faea14a88c6fdc3cdbafaef6b13df4a18c7d33249b1b675e37b05cb90a421700c7016dae7cd4187ab6b549e176a81cea434f69cd2503
  languageName: node
  linkType: hard

"@chevrotain/utils@npm:11.0.3":
  version: 11.0.3
  resolution: "@chevrotain/utils@npm:11.0.3"
  checksum: 10c0/b31972d1b2d444eef1499cf9b7576fc1793e8544910de33a3c18e07c270cfad88067f175d0ee63e7bc604713ebed647f8190db45cc8311852cd2d4fe2ef14068
  languageName: node
  linkType: hard

"@types/node@npm:^22.9.3":
  version: 22.9.3
  resolution: "@types/node@npm:22.9.3"
  dependencies:
    undici-types: "npm:~6.19.8"
  checksum: 10c0/954ec72bf29436ea62425a9563914a9c1e93f97b18194acd51d74d13998a701977547ed2985ed3a0e97211b785436d28377116e5f613bfcf3182d9bd81d784dc
  languageName: node
  linkType: hard

"chevrotain@npm:^11.0.3":
  version: 11.0.3
  resolution: "chevrotain@npm:11.0.3"
  dependencies:
    "@chevrotain/cst-dts-gen": "npm:11.0.3"
    "@chevrotain/gast": "npm:11.0.3"
    "@chevrotain/regexp-to-ast": "npm:11.0.3"
    "@chevrotain/types": "npm:11.0.3"
    "@chevrotain/utils": "npm:11.0.3"
    lodash-es: "npm:4.17.21"
  checksum: 10c0/ffd425fa321e3f17e9833d7f44cd39f2743f066e92ca74b226176080ca5d455f853fe9091cdfd86354bd899d85c08b3bdc3f55b267e7d07124b048a88349765f
  languageName: node
  linkType: hard

"lodash-es@npm:4.17.21":
  version: 4.17.21
  resolution: "lodash-es@npm:4.17.21"
  checksum: 10c0/fb407355f7e6cd523a9383e76e6b455321f0f153a6c9625e21a8827d10c54c2a2341bd2ae8d034358b60e07325e1330c14c224ff582d04612a46a4f0479ff2f2
  languageName: node
  linkType: hard

"sia-schema@workspace:.":
  version: 0.0.0-use.local
  resolution: "sia-schema@workspace:."
  dependencies:
    "@types/node": "npm:^22.9.3"
    chevrotain: "npm:^11.0.3"
    typescript: "npm:^5.7.2"
  languageName: unknown
  linkType: soft

"typescript@npm:^5.7.2":
  version: 5.7.2
  resolution: "typescript@npm:5.7.2"
  bin:
    tsc: bin/tsc
    tsserver: bin/tsserver
  checksum: 10c0/a873118b5201b2ef332127ef5c63fb9d9c155e6fdbe211cbd9d8e65877283797cca76546bad742eea36ed7efbe3424a30376818f79c7318512064e8625d61622
  languageName: node
  linkType: hard

"typescript@patch:typescript@npm%3A^5.7.2#optional!builtin<compat/typescript>":
  version: 5.7.2
  resolution: "typescript@patch:typescript@npm%3A5.7.2#optional!builtin<compat/typescript>::version=5.7.2&hash=5786d5"
  bin:
    tsc: bin/tsc
    tsserver: bin/tsserver
  checksum: 10c0/f3b8082c9d1d1629a215245c9087df56cb784f9fb6f27b5d55577a20e68afe2a889c040aacff6d27e35be165ecf9dca66e694c42eb9a50b3b2c451b36b5675cb
  languageName: node
  linkType: hard

"undici-types@npm:~6.19.8":
  version: 6.19.8
  resolution: "undici-types@npm:6.19.8"
  checksum: 10c0/078afa5990fba110f6824823ace86073b4638f1d5112ee26e790155f481f2a868cc3e0615505b6f4282bdf74a3d8caad715fd809e870c2bb0704e3ea6082f344
  languageName: node
  linkType: hard
